
Microsoft Visual Studio Solution File, Format Version 12.00
# Visual Studio Version 16
VisualStudioVersion = 16.0.32126.315
MinimumVisualStudioVersion = 10.0.40219.1
Project("{FAE04EC0-301F-11D3-BF4B-00C04F79EFBC}") = "CS_Radio", "CS_Display\CS_Radio.csproj", "{0E93FDB2-01FE-4718-AD30-435211D0FAE2}"
EndProject
Project("{FAE04EC0-301F-11D3-BF4B-00C04F79EFBC}") = "raspDisplay", "..\raspDisplay\Rpi.LCD_Display.NET\raspDisplay\raspDisplay.csproj", "{01ED1D2F-8568-419E-B01F-F05009D55E53}"
EndProject
Project("{FAE04EC0-301F-11D3-BF4B-00C04F79EFBC}") = "RPi.I2C.Net", "..\RPi.I2C.Net\RPi.I2C.Net\RPi.I2C.Net.csproj", "{2AE6A02F-4B57-43A1-8C19-2917008215D5}"
EndProject
Project("{2150E333-8FDC-42A3-9474-1A3956D46DE8}") = "Solution Items", "Solution Items", "{7DEAB2AF-8120-4310-8CA7-DB5E6993B86D}"
	ProjectSection(SolutionItems) = preProject
		install_radio.sh = install_radio.sh
		radio.service = radio.service
		radio_buttons.drawio = radio_buttons.drawio
	EndProjectSection
EndProject
Global
	GlobalSection(SolutionConfigurationPlatforms) = preSolution
		Debug|Any CPU = Debug|Any CPU
		Debug|x86 = Debug|x86
		Release|Any CPU = Release|Any CPU
		Release|x86 = Release|x86
	EndGlobalSection
	GlobalSection(ProjectConfigurationPlatforms) = postSolution
		{0E93FDB2-01FE-4718-AD30-435211D0FAE2}.Debug|Any CPU.ActiveCfg = Debug|Any CPU
		{0E93FDB2-01FE-4718-AD30-435211D0FAE2}.Debug|Any CPU.Build.0 = Debug|Any CPU
		{0E93FDB2-01FE-4718-AD30-435211D0FAE2}.Debug|x86.ActiveCfg = Debug|Any CPU
		{0E93FDB2-01FE-4718-AD30-435211D0FAE2}.Debug|x86.Build.0 = Debug|Any CPU
		{0E93FDB2-01FE-4718-AD30-435211D0FAE2}.Release|Any CPU.ActiveCfg = Release|Any CPU
		{0E93FDB2-01FE-4718-AD30-435211D0FAE2}.Release|Any CPU.Build.0 = Release|Any CPU
		{0E93FDB2-01FE-4718-AD30-435211D0FAE2}.Release|x86.ActiveCfg = Release|Any CPU
		{0E93FDB2-01FE-4718-AD30-435211D0FAE2}.Release|x86.Build.0 = Release|Any CPU
		{01ED1D2F-8568-419E-B01F-F05009D55E53}.Debug|Any CPU.ActiveCfg = Debug|x86
		{01ED1D2F-8568-419E-B01F-F05009D55E53}.Debug|Any CPU.Build.0 = Debug|x86
		{01ED1D2F-8568-419E-B01F-F05009D55E53}.Debug|x86.ActiveCfg = Debug|x86
		{01ED1D2F-8568-419E-B01F-F05009D55E53}.Debug|x86.Build.0 = Debug|x86
		{01ED1D2F-8568-419E-B01F-F05009D55E53}.Release|Any CPU.ActiveCfg = Release|x86
		{01ED1D2F-8568-419E-B01F-F05009D55E53}.Release|x86.ActiveCfg = Release|x86
		{01ED1D2F-8568-419E-B01F-F05009D55E53}.Release|x86.Build.0 = Release|x86
		{2AE6A02F-4B57-43A1-8C19-2917008215D5}.Debug|Any CPU.ActiveCfg = Debug|Any CPU
		{2AE6A02F-4B57-43A1-8C19-2917008215D5}.Debug|Any CPU.Build.0 = Debug|Any CPU
		{2AE6A02F-4B57-43A1-8C19-2917008215D5}.Debug|x86.ActiveCfg = Debug|Any CPU
		{2AE6A02F-4B57-43A1-8C19-2917008215D5}.Debug|x86.Build.0 = Debug|Any CPU
		{2AE6A02F-4B57-43A1-8C19-2917008215D5}.Release|Any CPU.ActiveCfg = Release|Any CPU
		{2AE6A02F-4B57-43A1-8C19-2917008215D5}.Release|Any CPU.Build.0 = Release|Any CPU
		{2AE6A02F-4B57-43A1-8C19-2917008215D5}.Release|x86.ActiveCfg = Release|Any CPU
		{2AE6A02F-4B57-43A1-8C19-2917008215D5}.Release|x86.Build.0 = Release|Any CPU
	EndGlobalSection
	GlobalSection(SolutionProperties) = preSolution
		HideSolutionNode = FALSE
	EndGlobalSection
	GlobalSection(ExtensibilityGlobals) = postSolution
		SolutionGuid = {688C975E-C9A0-444D-BD50-3DC4F8921A6A}
	EndGlobalSection
EndGlobal
